
Microsoft Visual Studio Solution File, Format Version 12.00
# Visual Studio Version 17
VisualStudioVersion = 17.3.32901.215
MinimumVisualStudioVersion = 10.0.40219.1
Project("{FAE04EC0-301F-11D3-BF4B-00C04F79EFBC}") = "Banka Uygulamasi", "Banka Uygulamasi\Banka Uygulamasi.csproj", "{C02916D0-BA3D-4464-9494-310653AABFFA}"
EndProject
Global
	GlobalSection(SolutionConfigurationPlatforms) = preSolution
		Debug|Any CPU = Debug|Any CPU
		Release|Any CPU = Release|Any CPU
	EndGlobalSection
	GlobalSection(ProjectConfigurationPlatforms) = postSolution
		{C02916D0-BA3D-4464-9494-310653AABFFA}.Debug|Any CPU.ActiveCfg = Debug|Any CPU
		{C02916D0-BA3D-4464-9494-310653AABFFA}.Debug|Any CPU.Build.0 = Debug|Any CPU
		{C02916D0-BA3D-4464-9494-310653AABFFA}.Release|Any CPU.ActiveCfg = Release|Any CPU
		{C02916D0-BA3D-4464-9494-310653AABFFA}.Release|Any CPU.Build.0 = Release|Any CPU
	EndGlobalSection
	GlobalSection(SolutionProperties) = preSolution
		HideSolutionNode = FALSE
	EndGlobalSection
	GlobalSection(ExtensibilityGlobals) = postSolution
		SolutionGuid = {8DBA089A-6A3D-4FAC-83B4-1A0AF81EAC0D}
	EndGlobalSection
EndGlobal
